
Microsoft Visual Studio Solution File, Format Version 12.00
# Visual Studio 15
VisualStudioVersion = 15.0.26730.16
MinimumVisualStudioVersion = 10.0.40219.1
Project("{9A19103F-16F7-4668-BE54-9A1E7A4F7556}") = "EnumerableSplitHelper", "EnumerableSplitHelper\EnumerableSplitHelper.csproj", "{65AB0F68-7777-4BD5-B19E-A2146D0B4179}"
EndProject
Project("{9A19103F-16F7-4668-BE54-9A1E7A4F7556}") = "Sample", "Sample\Sample.csproj", "{34CC5524-7177-411D-8A07-D5AAF66415A3}"
EndProject
Project("{9A19103F-16F7-4668-BE54-9A1E7A4F7556}") = "SampleNuget", "SampleNuget\SampleNuget.csproj", "{4D3C9B88-794C-4900-B51B-D596581B7E24}"
EndProject
Project("{FAE04EC0-301F-11D3-BF4B-00C04F79EFBC}") = "EnumerableSplitHelperBenchmark", "EnumerableSplitHelperBenchmark\EnumerableSplitHelperBenchmark.csproj", "{29C66E17-4131-478C-B4BB-90AA727E9937}"
EndProject
Global
	GlobalSection(SolutionConfigurationPlatforms) = preSolution
		Debug|Any CPU = Debug|Any CPU
		Release|Any CPU = Release|Any CPU
	EndGlobalSection
	GlobalSection(ProjectConfigurationPlatforms) = postSolution
		{65AB0F68-7777-4BD5-B19E-A2146D0B4179}.Debug|Any CPU.ActiveCfg = Debug|Any CPU
		{65AB0F68-7777-4BD5-B19E-A2146D0B4179}.Debug|Any CPU.Build.0 = Debug|Any CPU
		{65AB0F68-7777-4BD5-B19E-A2146D0B4179}.Release|Any CPU.ActiveCfg = Release|Any CPU
		{65AB0F68-7777-4BD5-B19E-A2146D0B4179}.Release|Any CPU.Build.0 = Release|Any CPU
		{34CC5524-7177-411D-8A07-D5AAF66415A3}.Debug|Any CPU.ActiveCfg = Debug|Any CPU
		{34CC5524-7177-411D-8A07-D5AAF66415A3}.Debug|Any CPU.Build.0 = Debug|Any CPU
		{34CC5524-7177-411D-8A07-D5AAF66415A3}.Release|Any CPU.ActiveCfg = Release|Any CPU
		{34CC5524-7177-411D-8A07-D5AAF66415A3}.Release|Any CPU.Build.0 = Release|Any CPU
		{4D3C9B88-794C-4900-B51B-D596581B7E24}.Debug|Any CPU.ActiveCfg = Debug|Any CPU
		{4D3C9B88-794C-4900-B51B-D596581B7E24}.Debug|Any CPU.Build.0 = Debug|Any CPU
		{4D3C9B88-794C-4900-B51B-D596581B7E24}.Release|Any CPU.ActiveCfg = Release|Any CPU
		{4D3C9B88-794C-4900-B51B-D596581B7E24}.Release|Any CPU.Build.0 = Release|Any CPU
		{29C66E17-4131-478C-B4BB-90AA727E9937}.Debug|Any CPU.ActiveCfg = Debug|Any CPU
		{29C66E17-4131-478C-B4BB-90AA727E9937}.Debug|Any CPU.Build.0 = Debug|Any CPU
		{29C66E17-4131-478C-B4BB-90AA727E9937}.Release|Any CPU.ActiveCfg = Release|Any CPU
		{29C66E17-4131-478C-B4BB-90AA727E9937}.Release|Any CPU.Build.0 = Release|Any CPU
	EndGlobalSection
	GlobalSection(SolutionProperties) = preSolution
		HideSolutionNode = FALSE
	EndGlobalSection
	GlobalSection(ExtensibilityGlobals) = postSolution
		SolutionGuid = {89C3C6D3-42AA-4592-A150-61688A2E42E6}
	EndGlobalSection
EndGlobal
